{
    "_meta": {
        "hash": {
            "sha256": "645aa1ecf653536abbe2f17a49f720e33d15a6c0e4350339e7f42a5d4e747ff1"
        },
        "pipfile-spec": 6,
        "requires": {
            "python_version": "3.5"
        },
        "sources": [
            {
                "name": "pypi",
                "url": "https://pypi.org/simple",
                "verify_ssl": true
            }
        ]
    },
    "default": {
        "tensorflow-v2-examples": {
            "editable": true,
            "path": "."
        }
    },
    "develop": {}
}
